
Microsoft Visual Studio Solution File, Format Version 12.00
# Visual Studio 15
VisualStudioVersion = 15.0.28307.705
MinimumVisualStudioVersion = 10.0.40219.1
Project("{8BC9CEB8-8B4A-11D0-8D11-00A0C91BC942}") = "IgnoreACLs", "IgnoreACLs\IgnoreACLs.vcxproj", "{D8F9570A-85CA-421F-A681-91DBD0EAB14C}"
EndProject
Global
	GlobalSection(SolutionConfigurationPlatforms) = preSolution
		Debug|ARM = Debug|ARM
		Debug|ARM64 = Debug|ARM64
		Debug|x64 = Debug|x64
		Debug|x86 = Debug|x86
		Release|ARM = Release|ARM
		Release|ARM64 = Release|ARM64
		Release|x64 = Release|x64
		Release|x86 = Release|x86
	EndGlobalSection
	GlobalSection(ProjectConfigurationPlatforms) = postSolution
		{D8F9570A-85CA-421F-A681-91DBD0EAB14C}.Debug|ARM.ActiveCfg = Debug|ARM
		{D8F9570A-85CA-421F-A681-91DBD0EAB14C}.Debug|ARM.Build.0 = Debug|ARM
		{D8F9570A-85CA-421F-A681-91DBD0EAB14C}.Debug|ARM.Deploy.0 = Debug|ARM
		{D8F9570A-85CA-421F-A681-91DBD0EAB14C}.Debug|ARM64.ActiveCfg = Debug|ARM64
		{D8F9570A-85CA-421F-A681-91DBD0EAB14C}.Debug|ARM64.Build.0 = Debug|ARM64
		{D8F9570A-85CA-421F-A681-91DBD0EAB14C}.Debug|ARM64.Deploy.0 = Debug|ARM64
		{D8F9570A-85CA-421F-A681-91DBD0EAB14C}.Debug|x64.ActiveCfg = Debug|x64
		{D8F9570A-85CA-421F-A681-91DBD0EAB14C}.Debug|x64.Build.0 = Debug|x64
		{D8F9570A-85CA-421F-A681-91DBD0EAB14C}.Debug|x64.Deploy.0 = Debug|x64
		{D8F9570A-85CA-421F-A681-91DBD0EAB14C}.Debug|x86.ActiveCfg = Debug|Win32
		{D8F9570A-85CA-421F-A681-91DBD0EAB14C}.Debug|x86.Build.0 = Debug|Win32
		{D8F9570A-85CA-421F-A681-91DBD0EAB14C}.Debug|x86.Deploy.0 = Debug|Win32
		{D8F9570A-85CA-421F-A681-91DBD0EAB14C}.Release|ARM.ActiveCfg = Release|ARM
		{D8F9570A-85CA-421F-A681-91DBD0EAB14C}.Release|ARM.Build.0 = Release|ARM
		{D8F9570A-85CA-421F-A681-91DBD0EAB14C}.Release|ARM.Deploy.0 = Release|ARM
		{D8F9570A-85CA-421F-A681-91DBD0EAB14C}.Release|ARM64.ActiveCfg = Release|ARM64
		{D8F9570A-85CA-421F-A681-91DBD0EAB14C}.Release|ARM64.Build.0 = Release|ARM64
		{D8F9570A-85CA-421F-A681-91DBD0EAB14C}.Release|ARM64.Deploy.0 = Release|ARM64
		{D8F9570A-85CA-421F-A681-91DBD0EAB14C}.Release|x64.ActiveCfg = Release|x64
		{D8F9570A-85CA-421F-A681-91DBD0EAB14C}.Release|x64.Build.0 = Release|x64
		{D8F9570A-85CA-421F-A681-91DBD0EAB14C}.Release|x64.Deploy.0 = Release|x64
		{D8F9570A-85CA-421F-A681-91DBD0EAB14C}.Release|x86.ActiveCfg = Release|Win32
		{D8F9570A-85CA-421F-A681-91DBD0EAB14C}.Release|x86.Build.0 = Release|Win32
		{D8F9570A-85CA-421F-A681-91DBD0EAB14C}.Release|x86.Deploy.0 = Release|Win32
	EndGlobalSection
	GlobalSection(SolutionProperties) = preSolution
		HideSolutionNode = FALSE
	EndGlobalSection
	GlobalSection(ExtensibilityGlobals) = postSolution
		SolutionGuid = {FD99F492-1CEF-453A-9311-F31832D34EAC}
	EndGlobalSection
EndGlobal
